// !$*UTF8*$!
{
	archiveVersion = 1;
	classes = {
	};
	objectVersion = 50;
	objects = {

/* Begin PBXBuildFile section */
		ABA168AF20C7B4E700028007 /* Validator.swift in Sources */ = {isa = PBXBuildFile; fileRef = ABA168AE20C7B4E700028007 /* Validator.swift */; };
		ABA168B120C7D16400028007 /* ArrayExtension.swift in Sources */ = {isa = PBXBuildFile; fileRef = ABA168B020C7D16400028007 /* ArrayExtension.swift */; };
		ABA168B320C7D19200028007 /* Extensions.swift in Sources */ = {isa = PBXBuildFile; fileRef = ABA168B220C7D19200028007 /* Extensions.swift */; };
		ABB8A73620BE878E00BB445A /* ConfigurationViewController.swift in Sources */ = {isa = PBXBuildFile; fileRef = ABB8A73520BE878E00BB445A /* ConfigurationViewController.swift */; };
		ABE1D1FA20BE6E2E00559D34 /* AppDelegate.swift in Sources */ = {isa = PBXBuildFile; fileRef = ABE1D1F920BE6E2E00559D34 /* AppDelegate.swift */; };
		ABE1D1FC20BE6E2E00559D34 /* GridViewController.swift in Sources */ = {isa = PBXBuildFile; fileRef = ABE1D1FB20BE6E2E00559D34 /* GridViewController.swift */; };
		ABE1D1FF20BE6E2E00559D34 /* Main.storyboard in Resources */ = {isa = PBXBuildFile; fileRef = ABE1D1FD20BE6E2E00559D34 /* Main.storyboard */; };
		ABE1D20120BE6E3000559D34 /* Assets.xcassets in Resources */ = {isa = PBXBuildFile; fileRef = ABE1D20020BE6E3000559D34 /* Assets.xcassets */; };
		ABE1D20420BE6E3000559D34 /* LaunchScreen.storyboard in Resources */ = {isa = PBXBuildFile; fileRef = ABE1D20220BE6E3000559D34 /* LaunchScreen.storyboard */; };
		ABE1D20C20BE731900559D34 /* LetterCollectionCell.swift in Sources */ = {isa = PBXBuildFile; fileRef = ABE1D20B20BE731900559D34 /* LetterCollectionCell.swift */; };
		ABEC019320BFC091009F9A37 /* AlertViewExtention.swift in Sources */ = {isa = PBXBuildFile; fileRef = ABEC019220BFC091009F9A37 /* AlertViewExtention.swift */; };
		ABEC019520BFCC70009F9A37 /* StringExtension.swift in Sources */ = {isa = PBXBuildFile; fileRef = ABEC019420BFCC70009F9A37 /* StringExtension.swift */; };
		ABEC019720BFE20D009F9A37 /* SegueIdentifiers.swift in Sources */ = {isa = PBXBuildFile; fileRef = ABEC019620BFE20D009F9A37 /* SegueIdentifiers.swift */; };
/* End PBXBuildFile section */

/* Begin PBXFileReference section */
		ABA168AE20C7B4E700028007 /* Validator.swift */ = {isa = PBXFileReference; lastKnownFileType = sourcecode.swift; path = Validator.swift; sourceTree = "<group>"; };
		ABA168B020C7D16400028007 /* ArrayExtension.swift */ = {isa = PBXFileReference; lastKnownFileType = sourcecode.swift; path = ArrayExtension.swift; sourceTree = "<group>"; };
		ABA168B220C7D19200028007 /* Extensions.swift */ = {isa = PBXFileReference; lastKnownFileType = sourcecode.swift; path = Extensions.swift; sourceTree = "<group>"; };
		ABB8A73520BE878E00BB445A /* ConfigurationViewController.swift */ = {isa = PBXFileReference; lastKnownFileType = sourcecode.swift; path = ConfigurationViewController.swift; sourceTree = "<group>"; };
		ABE1D1F620BE6E2E00559D34 /* AdvancedExercise1.app */ = {isa = PBXFileReference; explicitFileType = wrapper.application; includeInIndex = 0; path = AdvancedExercise1.app; sourceTree = BUILT_PRODUCTS_DIR; };
		ABE1D1F920BE6E2E00559D34 /* AppDelegate.swift */ = {isa = PBXFileReference; lastKnownFileType = sourcecode.swift; path = AppDelegate.swift; sourceTree = "<group>"; };
		ABE1D1FB20BE6E2E00559D34 /* GridViewController.swift */ = {isa = PBXFileReference; lastKnownFileType = sourcecode.swift; path = GridViewController.swift; sourceTree = "<group>"; };
		ABE1D1FE20BE6E2E00559D34 /* Base */ = {isa = PBXFileReference; lastKnownFileType = file.storyboard; name = Base; path = Base.lproj/Main.storyboard; sourceTree = "<group>"; };
		ABE1D20020BE6E3000559D34 /* Assets.xcassets */ = {isa = PBXFileReference; lastKnownFileType = folder.assetcatalog; path = Assets.xcassets; sourceTree = "<group>"; };
		ABE1D20320BE6E3000559D34 /* Base */ = {isa = PBXFileReference; lastKnownFileType = file.storyboard; name = Base; path = Base.lproj/LaunchScreen.storyboard; sourceTree = "<group>"; };
		ABE1D20520BE6E3000559D34 /* Info.plist */ = {isa = PBXFileReference; lastKnownFileType = text.plist.xml; path = Info.plist; sourceTree = "<group>"; };
		ABE1D20B20BE731900559D34 /* LetterCollectionCell.swift */ = {isa = PBXFileReference; lastKnownFileType = sourcecode.swift; path = LetterCollectionCell.swift; sourceTree = "<group>"; };
		ABEC019220BFC091009F9A37 /* AlertViewExtention.swift */ = {isa = PBXFileReference; lastKnownFileType = sourcecode.swift; path = AlertViewExtention.swift; sourceTree = "<group>"; };
		ABEC019420BFCC70009F9A37 /* StringExtension.swift */ = {isa = PBXFileReference; lastKnownFileType = sourcecode.swift; path = StringExtension.swift; sourceTree = "<group>"; };
		ABEC019620BFE20D009F9A37 /* SegueIdentifiers.swift */ = {isa = PBXFileReference; lastKnownFileType = sourcecode.swift; path = SegueIdentifiers.swift; sourceTree = "<group>"; };
/* End PBXFileReference section */

/* Begin PBXFrameworksBuildPhase section */
		ABE1D1F320BE6E2E00559D34 /* Frameworks */ = {
			isa = PBXFrameworksBuildPhase;
			buildActionMask = 2147483647;
			files = (
			);
			runOnlyForDeploymentPostprocessing = 0;
		};
/* End PBXFrameworksBuildPhase section */

/* Begin PBXGroup section */
		ABE1D1ED20BE6E2E00559D34 = {
			isa = PBXGroup;
			children = (
				ABE1D1F820BE6E2E00559D34 /* AdvancedExercise1 */,
				ABE1D1F720BE6E2E00559D34 /* Products */,
			);
			sourceTree = "<group>";
		};
		ABE1D1F720BE6E2E00559D34 /* Products */ = {
			isa = PBXGroup;
			children = (
				ABE1D1F620BE6E2E00559D34 /* AdvancedExercise1.app */,
			);
			name = Products;
			sourceTree = "<group>";
		};
		ABE1D1F820BE6E2E00559D34 /* AdvancedExercise1 */ = {
			isa = PBXGroup;
			children = (
				ABE1D1F920BE6E2E00559D34 /* AppDelegate.swift */,
				ABE1D20020BE6E3000559D34 /* Assets.xcassets */,
				ABE1D20520BE6E3000559D34 /* Info.plist */,
				ABEC019120BFC078009F9A37 /* Extensions */,
				ABEC019020BFAD6E009F9A37 /* Constants */,
				ABEC018F20BFAD31009F9A37 /* Views */,
				ABEC018E20BFAD0A009F9A37 /* Classes */,
				ABA168AE20C7B4E700028007 /* Validator.swift */,
			);
			path = AdvancedExercise1;
			sourceTree = "<group>";
		};
		ABEC018E20BFAD0A009F9A37 /* Classes */ = {
			isa = PBXGroup;
			children = (
				ABB8A73520BE878E00BB445A /* ConfigurationViewController.swift */,
				ABE1D20B20BE731900559D34 /* LetterCollectionCell.swift */,
				ABE1D1FB20BE6E2E00559D34 /* GridViewController.swift */,
			);
			path = Classes;
			sourceTree = "<group>";
		};
		ABEC018F20BFAD31009F9A37 /* Views */ = {
			isa = PBXGroup;
			children = (
				ABE1D1FD20BE6E2E00559D34 /* Main.storyboard */,
				ABE1D20220BE6E3000559D34 /* LaunchScreen.storyboard */,
			);
			path = Views;
			sourceTree = "<group>";
		};
		ABEC019020BFAD6E009F9A37 /* Constants */ = {
			isa = PBXGroup;
			children = (
				ABEC019620BFE20D009F9A37 /* SegueIdentifiers.swift */,
			);
			path = Constants;
			sourceTree = "<group>";
		};
		ABEC019120BFC078009F9A37 /* Extensions */ = {
			isa = PBXGroup;
			children = (
				ABEC019220BFC091009F9A37 /* AlertViewExtention.swift */,
				ABEC019420BFCC70009F9A37 /* StringExtension.swift */,
				ABA168B020C7D16400028007 /* ArrayExtension.swift */,
				ABA168B220C7D19200028007 /* Extensions.swift */,
			);
			path = Extensions;
			sourceTree = "<group>";
		};
/* End PBXGroup section */

/* Begin PBXNativeTarget section */
		ABE1D1F520BE6E2E00559D34 /* AdvancedExercise1 */ = {
			isa = PBXNativeTarget;
			buildConfigurationList = ABE1D20820BE6E3000559D34 /* Build configuration list for PBXNativeTarget "AdvancedExercise1" */;
			buildPhases = (
				ABE1D1F220BE6E2E00559D34 /* Sources */,
				ABE1D1F320BE6E2E00559D34 /* Frameworks */,
				ABE1D1F420BE6E2E00559D34 /* Resources */,
			);
			buildRules = (
			);
			dependencies = (
			);
			name = AdvancedExercise1;
			productName = AdvancedExercise1;
			productReference = ABE1D1F620BE6E2E00559D34 /* AdvancedExercise1.app */;
			productType = "com.apple.product-type.application";
		};
/* End PBXNativeTarget section */

/* Begin PBXProject section */
		ABE1D1EE20BE6E2E00559D34 /* Project object */ = {
			isa = PBXProject;
			attributes = {
				LastSwiftUpdateCheck = 0930;
				LastUpgradeCheck = 0930;
				ORGANIZATIONNAME = "Prateek Sharma";
				TargetAttributes = {
					ABE1D1F520BE6E2E00559D34 = {
						CreatedOnToolsVersion = 9.3;
					};
				};
			};
			buildConfigurationList = ABE1D1F120BE6E2E00559D34 /* Build configuration list for PBXProject "AdvancedExercise1" */;
			compatibilityVersion = "Xcode 9.3";
			developmentRegion = en;
			hasScannedForEncodings = 0;
			knownRegions = (
				en,
				Base,
			);
			mainGroup = ABE1D1ED20BE6E2E00559D34;
			productRefGroup = ABE1D1F720BE6E2E00559D34 /* Products */;
			projectDirPath = "";
			projectRoot = "";
			targets = (
				ABE1D1F520BE6E2E00559D34 /* AdvancedExercise1 */,
			);
		};
/* End PBXProject section */

/* Begin PBXResourcesBuildPhase section */
		ABE1D1F420BE6E2E00559D34 /* Resources */ = {
			isa = PBXResourcesBuildPhase;
			buildActionMask = 2147483647;
			files = (
				ABE1D20420BE6E3000559D34 /* LaunchScreen.storyboard in Resources */,
				ABE1D20120BE6E3000559D34 /* Assets.xcassets in Resources */,
				ABE1D1FF20BE6E2E00559D34 /* Main.storyboard in Resources */,
			);
			runOnlyForDeploymentPostprocessing = 0;
		};
/* End PBXResourcesBuildPhase section */

/* Begin PBXSourcesBuildPhase section */
		ABE1D1F220BE6E2E00559D34 /* Sources */ = {
			isa = PBXSourcesBuildPhase;
			buildActionMask = 2147483647;
			files = (
				ABA168AF20C7B4E700028007 /* Validator.swift in Sources */,
				ABE1D20C20BE731900559D34 /* LetterCollectionCell.swift in Sources */,
				ABB8A73620BE878E00BB445A /* ConfigurationViewController.swift in Sources */,
				ABA168B120C7D16400028007 /* ArrayExtension.swift in Sources */,
				ABEC019520BFCC70009F9A37 /* StringExtension.swift in Sources */,
				ABA168B320C7D19200028007 /* Extensions.swift in Sources */,
				ABEC019320BFC091009F9A37 /* AlertViewExtention.swift in Sources */,
				ABEC019720BFE20D009F9A37 /* SegueIdentifiers.swift in Sources */,
				ABE1D1FC20BE6E2E00559D34 /* GridViewController.swift in Sources */,
				ABE1D1FA20BE6E2E00559D34 /* AppDelegate.swift in Sources */,
			);
			runOnlyForDeploymentPostprocessing = 0;
		};
/* End PBXSourcesBuildPhase section */

/* Begin PBXVariantGroup section */
		ABE1D1FD20BE6E2E00559D34 /* Main.storyboard */ = {
			isa = PBXVariantGroup;
			children = (
				ABE1D1FE20BE6E2E00559D34 /* Base */,
			);
			name = Main.storyboard;
			sourceTree = "<group>";
		};
		ABE1D20220BE6E3000559D34 /* LaunchScreen.storyboard */ = {
			isa = PBXVariantGroup;
			children = (
				ABE1D20320BE6E3000559D34 /* Base */,
			);
			name = LaunchScreen.storyboard;
			sourceTree = "<group>";
		};
/* End PBXVariantGroup section */

/* Begin XCBuildConfiguration section */
		ABE1D20620BE6E3000559D34 /* Debug */ = {
			isa = XCBuildConfiguration;
			buildSettings = {
				ALWAYS_SEARCH_USER_PATHS = NO;
				CLANG_ANALYZER_NONNULL = YES;
				CLANG_ANALYZER_NUMBER_OBJECT_CONVERSION = YES_AGGRESSIVE;
				CLANG_CXX_LANGUAGE_STANDARD = "gnu++14";
				CLANG_CXX_LIBRARY = "libc++";
				CLANG_ENABLE_MODULES = YES;
				CLANG_ENABLE_OBJC_ARC = YES;
				CLANG_ENABLE_OBJC_WEAK = YES;
				CLANG_WARN_BLOCK_CAPTURE_AUTORELEASING = YES;
				CLANG_WARN_BOOL_CONVERSION = YES;
				CLANG_WARN_COMMA = YES;
				CLANG_WARN_CONSTANT_CONVERSION = YES;
				CLANG_WARN_DEPRECATED_OBJC_IMPLEMENTATIONS = YES;
				CLANG_WARN_DIRECT_OBJC_ISA_USAGE = YES_ERROR;
				CLANG_WARN_DOCUMENTATION_COMMENTS = YES;
				CLANG_WARN_EMPTY_BODY = YES;
				CLANG_WARN_ENUM_CONVERSION = YES;
				CLANG_WARN_INFINITE_RECURSION = YES;
				CLANG_WARN_INT_CONVERSION = YES;
				CLANG_WARN_NON_LITERAL_NULL_CONVERSION = YES;
				CLANG_WARN_OBJC_IMPLICIT_RETAIN_SELF = YES;
				CLANG_WARN_OBJC_LITERAL_CONVERSION = YES;
				CLANG_WARN_OBJC_ROOT_CLASS = YES_ERROR;
				CLANG_WARN_RANGE_LOOP_ANALYSIS = YES;
				CLANG_WARN_STRICT_PROTOTYPES = YES;
				CLANG_WARN_SUSPICIOUS_MOVE = YES;
				CLANG_WARN_UNGUARDED_AVAILABILITY = YES_AGGRESSIVE;
				CLANG_WARN_UNREACHABLE_CODE = YES;
				CLANG_WARN__DUPLICATE_METHOD_MATCH = YES;
				CODE_SIGN_IDENTITY = "iPhone Developer";
				COPY_PHASE_STRIP = NO;
				DEBUG_INFORMATION_FORMAT = dwarf;
				ENABLE_STRICT_OBJC_MSGSEND = YES;
				ENABLE_TESTABILITY = YES;
				GCC_C_LANGUAGE_STANDARD = gnu11;
				GCC_DYNAMIC_NO_PIC = NO;
				GCC_NO_COMMON_BLOCKS = YES;
				GCC_OPTIMIZATION_LEVEL = 0;
				GCC_PREPROCESSOR_DEFINITIONS = (
					"DEBUG=1",
					"$(inherited)",
				);
				GCC_WARN_64_TO_32_BIT_CONVERSION = YES;
				GCC_WARN_ABOUT_RETURN_TYPE = YES_ERROR;
				GCC_WARN_UNDECLARED_SELECTOR = YES;
				GCC_WARN_UNINITIALIZED_AUTOS = YES_AGGRESSIVE;
				GCC_WARN_UNUSED_FUNCTION = YES;
				GCC_WARN_UNUSED_VARIABLE = YES;
				IPHONEOS_DEPLOYMENT_TARGET = 11.3;
				MTL_ENABLE_DEBUG_INFO = YES;
				ONLY_ACTIVE_ARCH = YES;
				SDKROOT = iphoneos;
				SWIFT_ACTIVE_COMPILATION_CONDITIONS = DEBUG;
				SWIFT_OPTIMIZATION_LEVEL = "-Onone";
			};
			name = Debug;
		};
		ABE1D20720BE6E3000559D34 /* Release */ = {
			isa = XCBuildConfiguration;
			buildSettings = {
				ALWAYS_SEARCH_USER_PATHS = NO;
				CLANG_ANALYZER_NONNULL = YES;
				CLANG_ANALYZER_NUMBER_OBJECT_CONVERSION = YES_AGGRESSIVE;
				CLANG_CXX_LANGUAGE_STANDARD = "gnu++14";
				CLANG_CXX_LIBRARY = "libc++";
				CLANG_ENABLE_MODULES = YES;
				CLANG_ENABLE_OBJC_ARC = YES;
				CLANG_ENABLE_OBJC_WEAK = YES;
				CLANG_WARN_BLOCK_CAPTURE_AUTORELEASING = YES;
				CLANG_WARN_BOOL_CONVERSION = YES;
				CLANG_WARN_COMMA = YES;
				CLANG_WARN_CONSTANT_CONVERSION = YES;
				CLANG_WARN_DEPRECATED_OBJC_IMPLEMENTATIONS = YES;
				CLANG_WARN_DIRECT_OBJC_ISA_USAGE = YES_ERROR;
				CLANG_WARN_DOCUMENTATION_COMMENTS = YES;
				CLANG_WARN_EMPTY_BODY = YES;
				CLANG_WARN_ENUM_CONVERSION = YES;
				CLANG_WARN_INFINITE_RECURSION = YES;
				CLANG_WARN_INT_CONVERSION = YES;
				CLANG_WARN_NON_LITERAL_NULL_CONVERSION = YES;
				CLANG_WARN_OBJC_IMPLICIT_RETAIN_SELF = YES;
				CLANG_WARN_OBJC_LITERAL_CONVERSION = YES;
				CLANG_WARN_OBJC_ROOT_CLASS = YES_ERROR;
				CLANG_WARN_RANGE_LOOP_ANALYSIS = YES;
				CLANG_WARN_STRICT_PROTOTYPES = YES;
				CLANG_WARN_SUSPICIOUS_MOVE = YES;
				CLANG_WARN_UNGUARDED_AVAILABILITY = YES_AGGRESSIVE;
				CLANG_WARN_UNREACHABLE_CODE = YES;
				CLANG_WARN__DUPLICATE_METHOD_MATCH = YES;
				CODE_SIGN_IDENTITY = "iPhone Developer";
				COPY_PHASE_STRIP = NO;
				DEBUG_INFORMATION_FORMAT = "dwarf-with-dsym";
				ENABLE_NS_ASSERTIONS = NO;
				ENABLE_STRICT_OBJC_MSGSEND = YES;
				GCC_C_LANGUAGE_STANDARD = gnu11;
				GCC_NO_COMMON_BLOCKS = YES;
				GCC_WARN_64_TO_32_BIT_CONVERSION = YES;
				GCC_WARN_ABOUT_RETURN_TYPE = YES_ERROR;
				GCC_WARN_UNDECLARED_SELECTOR = YES;
				GCC_WARN_UNINITIALIZED_AUTOS = YES_AGGRESSIVE;
				GCC_WARN_UNUSED_FUNCTION = YES;
				GCC_WARN_UNUSED_VARIABLE = YES;
				IPHONEOS_DEPLOYMENT_TARGET = 11.3;
				MTL_ENABLE_DEBUG_INFO = NO;
				SDKROOT = iphoneos;
				SWIFT_COMPILATION_MODE = wholemodule;
				SWIFT_OPTIMIZATION_LEVEL = "-O";
				VALIDATE_PRODUCT = YES;
			};
			name = Release;
		};
		ABE1D20920BE6E3000559D34 /* Debug */ = {
			isa = XCBuildConfiguration;
			buildSettings = {
				ASSETCATALOG_COMPILER_APPICON_NAME = AppIcon;
				CODE_SIGN_STYLE = Automatic;
				INFOPLIST_FILE = AdvancedExercise1/Info.plist;
				LD_RUNPATH_SEARCH_PATHS = (
					"$(inherited)",
					"@executable_path/Frameworks",
				);
				PRODUCT_BUNDLE_IDENTIFIER = vinsol.AdvancedExercise1;
				PRODUCT_NAME = "$(TARGET_NAME)";
				SWIFT_VERSION = 4.0;
				TARGETED_DEVICE_FAMILY = 1;
			};
			name = Debug;
		};
		ABE1D20A20BE6E3000559D34 /* Release */ = {
			isa = XCBuildConfiguration;
			buildSettings = {
				ASSETCATALOG_COMPILER_APPICON_NAME = AppIcon;
				CODE_SIGN_STYLE = Automatic;
				INFOPLIST_FILE = AdvancedExercise1/Info.plist;
				LD_RUNPATH_SEARCH_PATHS = (
					"$(inherited)",
					"@executable_path/Frameworks",
				);
				PRODUCT_BUNDLE_IDENTIFIER = vinsol.AdvancedExercise1;
				PRODUCT_NAME = "$(TARGET_NAME)";
				SWIFT_VERSION = 4.0;
				TARGETED_DEVICE_FAMILY = 1;
			};
			name = Release;
		};
/* End XCBuildConfiguration section */

/* Begin XCConfigurationList section */
		ABE1D1F120BE6E2E00559D34 /* Build configuration list for PBXProject "AdvancedExercise1" */ = {
			isa = XCConfigurationList;
			buildConfigurations = (
				ABE1D20620BE6E3000559D34 /* Debug */,
				ABE1D20720BE6E3000559D34 /* Release */,
			);
			defaultConfigurationIsVisible = 0;
			defaultConfigurationName = Release;
		};
		ABE1D20820BE6E3000559D34 /* Build configuration list for PBXNativeTarget "AdvancedExercise1" */ = {
			isa = XCConfigurationList;
			buildConfigurations = (
				ABE1D20920BE6E3000559D34 /* Debug */,
				ABE1D20A20BE6E3000559D34 /* Release */,
			);
			defaultConfigurationIsVisible = 0;
			defaultConfigurationName = Release;
		};
/* End XCConfigurationList section */
	};
	rootObject = ABE1D1EE20BE6E2E00559D34 /* Project object */;
}
